# THIS IS AN AUTOGENERATED FILE. DO NOT EDIT THIS FILE DIRECTLY.
# yarn lockfile v1


"@ont-community/hdkey-secp256r1@^1.0.1":
  version "1.0.1"
  resolved "https://registry.yarnpkg.com/@ont-community/hdkey-secp256r1/-/hdkey-secp256r1-1.0.1.tgz#81840bd0ae3442baed490eac204646bb845e9f89"
  dependencies:
    coinstring "^2.0.0"
    elliptic "^6.4.0"
    safe-buffer "^5.1.1"

"@ont-community/html5-websocket@^2.0.2":
  version "2.0.3"
  resolved "https://registry.yarnpkg.com/@ont-community/html5-websocket/-/html5-websocket-2.0.3.tgz#702419116217ec749c6eea18b234bd3d600b0c5c"
  dependencies:
    ws "^3.1.0"

async-limiter@~1.0.0:
  version "1.0.0"
  resolved "https://registry.yarnpkg.com/async-limiter/-/async-limiter-1.0.0.tgz#78faed8c3d074ab81f22b4e985d79e8738f720f8"

axios@^0.17.1:
  version "0.17.1"
  resolved "https://registry.yarnpkg.com/axios/-/axios-0.17.1.tgz#2d8e3e5d0bdbd7327f91bc814f5c57660f81824d"
  dependencies:
    follow-redirects "^1.2.5"
    is-buffer "^1.1.5"

babel-polyfill@^6.26.0:
  version "6.26.0"
  resolved "https://registry.yarnpkg.com/babel-polyfill/-/babel-polyfill-6.26.0.tgz#379937abc67d7895970adc621f284cd966cf2153"
  dependencies:
    babel-runtime "^6.26.0"
    core-js "^2.5.0"
    regenerator-runtime "^0.10.5"

babel-runtime@^6.26.0:
  version "6.26.0"
  resolved "https://registry.yarnpkg.com/babel-runtime/-/babel-runtime-6.26.0.tgz#965c7058668e82b55d7bfe04ff2337bc8b5647fe"
  dependencies:
    core-js "^2.4.0"
    regenerator-runtime "^0.11.0"

base-x@^3.0.2:
  version "3.0.5"
  resolved "https://registry.yarnpkg.com/base-x/-/base-x-3.0.5.tgz#d3ada59afed05b921ab581ec3112e6444ba0795a"
  dependencies:
    safe-buffer "^5.0.1"

base64-url@^2.2.0:
  version "2.2.0"
  resolved "https://registry.yarnpkg.com/base64-url/-/base64-url-2.2.0.tgz#4bbd6a825df1be522d39e566a721ede51144041a"

bigi@^1.1.0, bigi@^1.2.1, bigi@^1.4.2:
  version "1.4.2"
  resolved "https://registry.yarnpkg.com/bigi/-/bigi-1.4.2.tgz#9c665a95f88b8b08fc05cfd731f561859d725825"

bignumber.js@^7.2.1:
  version "7.2.1"
  resolved "https://registry.yarnpkg.com/bignumber.js/-/bignumber.js-7.2.1.tgz#80c048759d826800807c4bfd521e50edbba57a5f"

bip39@^2.5.0:
  version "2.5.0"
  resolved "https://registry.yarnpkg.com/bip39/-/bip39-2.5.0.tgz#51cbd5179460504a63ea3c000db3f787ca051235"
  dependencies:
    create-hash "^1.1.0"
    pbkdf2 "^3.0.9"
    randombytes "^2.0.1"
    safe-buffer "^5.0.1"
    unorm "^1.3.3"

bip66@^1.1.0:
  version "1.1.5"
  resolved "https://registry.yarnpkg.com/bip66/-/bip66-1.1.5.tgz#01fa8748785ca70955d5011217d1b3139969ca22"
  dependencies:
    safe-buffer "^5.0.1"

bn.js@^4.11.6, bn.js@^4.4.0:
  version "4.11.8"
  resolved "https://registry.yarnpkg.com/bn.js/-/bn.js-4.11.8.tgz#2cde09eb5ee341f484746bb0309b3253b1b1442f"

brorand@^1.0.1:
  version "1.1.0"
  resolved "https://registry.yarnpkg.com/brorand/-/brorand-1.1.0.tgz#12c25efe40a45e3c323eb8675a0a0ce57b22371f"

bs58@^2.0.1:
  version "2.0.1"
  resolved "https://registry.yarnpkg.com/bs58/-/bs58-2.0.1.tgz#55908d58f1982aba2008fa1bed8f91998a29bf8d"

bs58@^4.0.0, bs58@^4.0.1:
  version "4.0.1"
  resolved "https://registry.yarnpkg.com/bs58/-/bs58-4.0.1.tgz#be161e76c354f6f788ae4071f63f34e8c4f0a42a"
  dependencies:
    base-x "^3.0.2"

bs58check@<3.0.0:
  version "2.1.2"
  resolved "https://registry.yarnpkg.com/bs58check/-/bs58check-2.1.2.tgz#53b018291228d82a5aa08e7d796fdafda54aebfc"
  dependencies:
    bs58 "^4.0.0"
    create-hash "^1.1.0"
    safe-buffer "^5.1.2"

chnl@^0.4.0:
  version "0.4.2"
  resolved "https://registry.yarnpkg.com/chnl/-/chnl-0.4.2.tgz#ff6fc529ae90dfa63f740343021d9871b5914bdf"

cipher-base@^1.0.1, cipher-base@^1.0.3:
  version "1.0.4"
  resolved "https://registry.yarnpkg.com/cipher-base/-/cipher-base-1.0.4.tgz#8760e4ecc272f4c363532f926d874aae2c1397de"
  dependencies:
    inherits "^2.0.1"
    safe-buffer "^5.0.1"

coinstring@^2.0.0:
  version "2.3.0"
  resolved "https://registry.yarnpkg.com/coinstring/-/coinstring-2.3.0.tgz#cdb63363a961502404a25afb82c2e26d5ff627a4"
  dependencies:
    bs58 "^2.0.1"
    create-hash "^1.1.1"

core-js@^2.4.0, core-js@^2.5.0:
  version "2.5.7"
  resolved "https://registry.yarnpkg.com/core-js/-/core-js-2.5.7.tgz#f972608ff0cead68b841a16a932d0b183791814e"

create-hash@^1.1.0, create-hash@^1.1.1, create-hash@^1.1.2:
  version "1.2.0"
  resolved "http://registry.npmjs.org/create-hash/-/create-hash-1.2.0.tgz#889078af11a63756bcfb59bd221996be3a9ef196"
  dependencies:
    cipher-base "^1.0.1"
    inherits "^2.0.1"
    md5.js "^1.3.4"
    ripemd160 "^2.0.1"
    sha.js "^2.4.0"

create-hmac@^1.1.4:
  version "1.1.7"
  resolved "http://registry.npmjs.org/create-hmac/-/create-hmac-1.1.7.tgz#69170c78b3ab957147b2b8b04572e47ead2243ff"
  dependencies:
    cipher-base "^1.0.3"
    create-hash "^1.1.0"
    inherits "^2.0.1"
    ripemd160 "^2.0.0"
    safe-buffer "^5.0.1"
    sha.js "^2.4.8"

crypto-js@^3.1.9-1:
  version "3.1.9-1"
  resolved "https://registry.yarnpkg.com/crypto-js/-/crypto-js-3.1.9-1.tgz#fda19e761fc077e01ffbfdc6e9fdfc59e8806cd8"

debug@=3.1.0:
  version "3.1.0"
  resolved "https://registry.yarnpkg.com/debug/-/debug-3.1.0.tgz#5bb5a0672628b64149566ba16819e61518c67261"
  dependencies:
    ms "2.0.0"

define-properties@^1.1.2:
  version "1.1.3"
  resolved "https://registry.yarnpkg.com/define-properties/-/define-properties-1.1.3.tgz#cf88da6cbee26fe6db7094f61d870cbd84cee9f1"
  dependencies:
    object-keys "^1.0.12"

ecdsa@^0.7.0:
  version "0.7.0"
  resolved "https://registry.yarnpkg.com/ecdsa/-/ecdsa-0.7.0.tgz#f65ce2300227b1628102902b2b93607c806de1d9"
  dependencies:
    bigi "^1.2.1"
    bip66 "^1.1.0"
    create-hmac "^1.1.4"
    ecurve "^1.0.0"
    typeforce "^1.6.1"

ecurve@^1.0.0, ecurve@^1.0.6:
  version "1.0.6"
  resolved "https://registry.yarnpkg.com/ecurve/-/ecurve-1.0.6.tgz#dfdabbb7149f8d8b78816be5a7d5b83fcf6de797"
  dependencies:
    bigi "^1.1.0"
    safe-buffer "^5.0.1"

elliptic@^6.4.0:
  version "6.4.1"
  resolved "https://registry.yarnpkg.com/elliptic/-/elliptic-6.4.1.tgz#c2d0b7776911b86722c632c3c06c60f2f819939a"
  dependencies:
    bn.js "^4.4.0"
    brorand "^1.0.1"
    hash.js "^1.0.0"
    hmac-drbg "^1.0.0"
    inherits "^2.0.1"
    minimalistic-assert "^1.0.0"
    minimalistic-crypto-utils "^1.0.0"

es-abstract@^1.9.0:
  version "1.12.0"
  resolved "https://registry.yarnpkg.com/es-abstract/-/es-abstract-1.12.0.tgz#9dbbdd27c6856f0001421ca18782d786bf8a6165"
  dependencies:
    es-to-primitive "^1.1.1"
    function-bind "^1.1.1"
    has "^1.0.1"
    is-callable "^1.1.3"
    is-regex "^1.0.4"

es-to-primitive@^1.1.1:
  version "1.2.0"
  resolved "https://registry.yarnpkg.com/es-to-primitive/-/es-to-primitive-1.2.0.tgz#edf72478033456e8dda8ef09e00ad9650707f377"
  dependencies:
    is-callable "^1.1.4"
    is-date-object "^1.0.1"
    is-symbol "^1.0.2"

flat-options@^0.1.3:
  version "0.1.3"
  resolved "https://registry.yarnpkg.com/flat-options/-/flat-options-0.1.3.tgz#56f644aaa095e5f984ecdd329f119e8a196c8aa3"

follow-redirects@^1.2.5:
  version "1.5.10"
  resolved "https://registry.yarnpkg.com/follow-redirects/-/follow-redirects-1.5.10.tgz#7b7a9f9aea2fdff36786a94ff643ed07f4ff5e2a"
  dependencies:
    debug "=3.1.0"

function-bind@^1.1.1:
  version "1.1.1"
  resolved "https://registry.yarnpkg.com/function-bind/-/function-bind-1.1.1.tgz#a56899d3ea3c9bab874bb9773b7c5ede92f4895d"

has-symbols@^1.0.0:
  version "1.0.0"
  resolved "https://registry.yarnpkg.com/has-symbols/-/has-symbols-1.0.0.tgz#ba1a8f1af2a0fc39650f5c850367704122063b44"

has@^1.0.1:
  version "1.0.3"
  resolved "https://registry.yarnpkg.com/has/-/has-1.0.3.tgz#722d7cbfc1f6aa8241f16dd814e011e1f41e8796"
  dependencies:
    function-bind "^1.1.1"

hash-base@^3.0.0:
  version "3.0.4"
  resolved "https://registry.yarnpkg.com/hash-base/-/hash-base-3.0.4.tgz#5fc8686847ecd73499403319a6b0a3f3f6ae4918"
  dependencies:
    inherits "^2.0.1"
    safe-buffer "^5.0.1"

hash.js@^1.0.0, hash.js@^1.0.3:
  version "1.1.7"
  resolved "https://registry.yarnpkg.com/hash.js/-/hash.js-1.1.7.tgz#0babca538e8d4ee4a0f8988d68866537a003cf42"
  dependencies:
    inherits "^2.0.3"
    minimalistic-assert "^1.0.1"

hmac-drbg@^1.0.0, hmac-drbg@^1.0.1:
  version "1.0.1"
  resolved "https://registry.yarnpkg.com/hmac-drbg/-/hmac-drbg-1.0.1.tgz#d2745701025a6c775a6c545793ed502fc0c649a1"
  dependencies:
    hash.js "^1.0.3"
    minimalistic-assert "^1.0.0"
    minimalistic-crypto-utils "^1.0.1"

inherits@^2.0.1, inherits@^2.0.3:
  version "2.0.3"
  resolved "https://registry.yarnpkg.com/inherits/-/inherits-2.0.3.tgz#633c2c83e3da42a502f52466022480f4208261de"

is-buffer@^1.1.5:
  version "1.1.6"
  resolved "https://registry.yarnpkg.com/is-buffer/-/is-buffer-1.1.6.tgz#efaa2ea9daa0d7ab2ea13a97b2b8ad51fefbe8be"

is-callable@^1.1.3, is-callable@^1.1.4:
  version "1.1.4"
  resolved "https://registry.yarnpkg.com/is-callable/-/is-callable-1.1.4.tgz#1e1adf219e1eeb684d691f9d6a05ff0d30a24d75"

is-date-object@^1.0.1:
  version "1.0.1"
  resolved "https://registry.yarnpkg.com/is-date-object/-/is-date-object-1.0.1.tgz#9aa20eb6aeebbff77fbd33e74ca01b33581d3a16"

is-regex@^1.0.4:
  version "1.0.4"
  resolved "https://registry.yarnpkg.com/is-regex/-/is-regex-1.0.4.tgz#5517489b547091b0930e095654ced25ee97e9491"
  dependencies:
    has "^1.0.1"

is-symbol@^1.0.2:
  version "1.0.2"
  resolved "https://registry.yarnpkg.com/is-symbol/-/is-symbol-1.0.2.tgz#a055f6ae57192caee329e7a860118b497a950f38"
  dependencies:
    has-symbols "^1.0.0"

js-sha3@^0.7.0:
  version "0.7.0"
  resolved "https://registry.yarnpkg.com/js-sha3/-/js-sha3-0.7.0.tgz#0a5c57b36f79882573b2d84051f8bb85dd1bd63a"

long@^4.0.0:
  version "4.0.0"
  resolved "https://registry.yarnpkg.com/long/-/long-4.0.0.tgz#9a7b71cfb7d361a194ea555241c92f7468d5bf28"

md5.js@^1.3.4:
  version "1.3.5"
  resolved "https://registry.yarnpkg.com/md5.js/-/md5.js-1.3.5.tgz#b5d07b8e3216e3e27cd728d72f70d1e6a342005f"
  dependencies:
    hash-base "^3.0.0"
    inherits "^2.0.1"
    safe-buffer "^5.1.2"

milagro-crypto-js@^3.3.0:
  version "3.3.0"
  resolved "https://registry.yarnpkg.com/milagro-crypto-js/-/milagro-crypto-js-3.3.0.tgz#4135222d5e6a23bc98ea8d4e093017707df0990f"

minimalistic-assert@^1.0.0, minimalistic-assert@^1.0.1:
  version "1.0.1"
  resolved "https://registry.yarnpkg.com/minimalistic-assert/-/minimalistic-assert-1.0.1.tgz#2e194de044626d4a10e7f7fbc00ce73e83e4d5c7"

minimalistic-crypto-utils@^1.0.0, minimalistic-crypto-utils@^1.0.1:
  version "1.0.1"
  resolved "https://registry.yarnpkg.com/minimalistic-crypto-utils/-/minimalistic-crypto-utils-1.0.1.tgz#f6c00c1c0b082246e5c4d99dfb8c7c083b2b582a"

ms@2.0.0:
  version "2.0.0"
  resolved "https://registry.yarnpkg.com/ms/-/ms-2.0.0.tgz#5608aeadfc00be6c2901df5f9861788de0d597c8"

object-keys@^1.0.12:
  version "1.0.12"
  resolved "https://registry.yarnpkg.com/object-keys/-/object-keys-1.0.12.tgz#09c53855377575310cca62f55bb334abff7b3ed2"

ontology-ts-sdk@^1.0.9:
  version "1.0.9"
  resolved "https://registry.yarnpkg.com/ontology-ts-sdk/-/ontology-ts-sdk-1.0.9.tgz#9f4c2ae4fd6951034c956c724784c04f336deafb"
  dependencies:
    "@ont-community/hdkey-secp256r1" "^1.0.1"
    "@ont-community/html5-websocket" "^2.0.2"
    axios "^0.17.1"
    babel-polyfill "^6.26.0"
    base64-url "^2.2.0"
    bigi "^1.4.2"
    bignumber.js "^7.2.1"
    bip39 "^2.5.0"
    bs58 "^4.0.1"
    crypto-js "^3.1.9-1"
    ecdsa "^0.7.0"
    ecurve "^1.0.6"
    elliptic "^6.4.0"
    js-sha3 "^0.7.0"
    long "^4.0.0"
    milagro-crypto-js "^3.3.0"
    promise-timeout "^1.3.0"
    scrypt-async "^2.0.0"
    secure-random "^1.1.1"
    sm.js "0.1.7"
    uuid "^3.2.1"
    websocket-as-promised "^0.8.0"
    wif "^2.0.6"
    ws "^4.1.0"

pbkdf2@^3.0.9:
  version "3.0.17"
  resolved "https://registry.yarnpkg.com/pbkdf2/-/pbkdf2-3.0.17.tgz#976c206530617b14ebb32114239f7b09336e93a6"
  dependencies:
    create-hash "^1.1.2"
    create-hmac "^1.1.4"
    ripemd160 "^2.0.1"
    safe-buffer "^5.0.1"
    sha.js "^2.4.8"

promise-controller@^0.2.0:
  version "0.2.0"
  resolved "https://registry.yarnpkg.com/promise-controller/-/promise-controller-0.2.0.tgz#dd4789327aec81dfd6ce9531b4d3839998684753"

promise-timeout@^1.3.0:
  version "1.3.0"
  resolved "https://registry.yarnpkg.com/promise-timeout/-/promise-timeout-1.3.0.tgz#d1c78dd50a607d5f0a5207410252a3a0914e1014"

promise.prototype.finally@^3.1.0:
  version "3.1.0"
  resolved "https://registry.yarnpkg.com/promise.prototype.finally/-/promise.prototype.finally-3.1.0.tgz#66f161b1643636e50e7cf201dc1b84a857f3864e"
  dependencies:
    define-properties "^1.1.2"
    es-abstract "^1.9.0"
    function-bind "^1.1.1"

randombytes@^2.0.1:
  version "2.0.6"
  resolved "https://registry.yarnpkg.com/randombytes/-/randombytes-2.0.6.tgz#d302c522948588848a8d300c932b44c24231da80"
  dependencies:
    safe-buffer "^5.1.0"

regenerator-runtime@^0.10.5:
  version "0.10.5"
  resolved "https://registry.yarnpkg.com/regenerator-runtime/-/regenerator-runtime-0.10.5.tgz#336c3efc1220adcedda2c9fab67b5a7955a33658"

regenerator-runtime@^0.11.0:
  version "0.11.1"
  resolved "https://registry.yarnpkg.com/regenerator-runtime/-/regenerator-runtime-0.11.1.tgz#be05ad7f9bf7d22e056f9726cee5017fbf19e2e9"

ripemd160@^2.0.0, ripemd160@^2.0.1:
  version "2.0.2"
  resolved "https://registry.yarnpkg.com/ripemd160/-/ripemd160-2.0.2.tgz#a1c1a6f624751577ba5d07914cbc92850585890c"
  dependencies:
    hash-base "^3.0.0"
    inherits "^2.0.1"

safe-buffer@^5.0.1, safe-buffer@^5.1.0, safe-buffer@^5.1.1, safe-buffer@^5.1.2, safe-buffer@~5.1.0:
  version "5.1.2"
  resolved "https://registry.yarnpkg.com/safe-buffer/-/safe-buffer-5.1.2.tgz#991ec69d296e0313747d59bdfd2b745c35f8828d"

scrypt-async@^2.0.0:
  version "2.0.1"
  resolved "https://registry.yarnpkg.com/scrypt-async/-/scrypt-async-2.0.1.tgz#4318dae48a8b7cc3b8fe05f75f4164a7d973d25d"

secure-random@^1.1.1:
  version "1.1.1"
  resolved "https://registry.yarnpkg.com/secure-random/-/secure-random-1.1.1.tgz#0880f2d8c5185f4bcb4684058c836b4ddb07145a"

sha.js@^2.4.0, sha.js@^2.4.8:
  version "2.4.11"
  resolved "http://registry.npmjs.org/sha.js/-/sha.js-2.4.11.tgz#37a5cf0b81ecbc6943de109ba2960d1b26584ae7"
  dependencies:
    inherits "^2.0.1"
    safe-buffer "^5.0.1"

sm.js@0.1.7:
  version "0.1.7"
  resolved "https://registry.yarnpkg.com/sm.js/-/sm.js-0.1.7.tgz#e2ac81ab2819306c0971675705c5043336ba5548"
  dependencies:
    bn.js "^4.11.6"
    elliptic "^6.4.0"
    hash.js "^1.0.3"
    hmac-drbg "^1.0.1"
    inherits "^2.0.3"

typeforce@^1.6.1:
  version "1.16.0"
  resolved "https://registry.yarnpkg.com/typeforce/-/typeforce-1.16.0.tgz#060f871420f4ed90d411e0606bebc62a0889ad55"

ultron@~1.1.0:
  version "1.1.1"
  resolved "https://registry.yarnpkg.com/ultron/-/ultron-1.1.1.tgz#9fe1536a10a664a65266a1e3ccf85fd36302bc9c"

unorm@^1.3.3:
  version "1.4.1"
  resolved "https://registry.yarnpkg.com/unorm/-/unorm-1.4.1.tgz#364200d5f13646ca8bcd44490271335614792300"

uuid@^3.2.1:
  version "3.3.2"
  resolved "https://registry.yarnpkg.com/uuid/-/uuid-3.3.2.tgz#1b4af4955eb3077c501c23872fc6513811587131"

websocket-as-promised@^0.8.0:
  version "0.8.0"
  resolved "https://registry.yarnpkg.com/websocket-as-promised/-/websocket-as-promised-0.8.0.tgz#4f7020963f2167cdfcc079d5a2ba90c2b2f7a62e"
  dependencies:
    chnl "^0.4.0"
    flat-options "^0.1.3"
    promise-controller "^0.2.0"
    promise.prototype.finally "^3.1.0"

wif@^2.0.6:
  version "2.0.6"
  resolved "https://registry.yarnpkg.com/wif/-/wif-2.0.6.tgz#08d3f52056c66679299726fade0d432ae74b4704"
  dependencies:
    bs58check "<3.0.0"

ws@^3.1.0:
  version "3.3.3"
  resolved "https://registry.yarnpkg.com/ws/-/ws-3.3.3.tgz#f1cf84fe2d5e901ebce94efaece785f187a228f2"
  dependencies:
    async-limiter "~1.0.0"
    safe-buffer "~5.1.0"
    ultron "~1.1.0"

ws@^4.1.0:
  version "4.1.0"
  resolved "http://registry.npmjs.org/ws/-/ws-4.1.0.tgz#a979b5d7d4da68bf54efe0408967c324869a7289"
  dependencies:
    async-limiter "~1.0.0"
    safe-buffer "~5.1.0"
